
Microsoft Visual Studio Solution File, Format Version 12.00
# Visual Studio 2013
VisualStudioVersion = 12.0.31101.0
MinimumVisualStudioVersion = 10.0.40219.1
Project("{8BC9CEB8-8B4A-11D0-8D11-00A0C91BC942}") = "RUAP-Projekt", "RUAP-Projekt.vcxproj", "{C388AB8B-95EE-4A19-A367-E24A4FC5C6F5}"
EndProject
Global
	GlobalSection(SolutionConfigurationPlatforms) = preSolution
		Debug|Win32 = Debug|Win32
		Release|Win32 = Release|Win32
	EndGlobalSection
	GlobalSection(ProjectConfigurationPlatforms) = postSolution
		{C388AB8B-95EE-4A19-A367-E24A4FC5C6F5}.Debug|Win32.ActiveCfg = Debug|Win32
		{C388AB8B-95EE-4A19-A367-E24A4FC5C6F5}.Debug|Win32.Build.0 = Debug|Win32
		{C388AB8B-95EE-4A19-A367-E24A4FC5C6F5}.Release|Win32.ActiveCfg = Release|Win32
		{C388AB8B-95EE-4A19-A367-E24A4FC5C6F5}.Release|Win32.Build.0 = Release|Win32
	EndGlobalSection
	GlobalSection(SolutionProperties) = preSolution
		HideSolutionNode = FALSE
	EndGlobalSection
EndGlobal
